{
  "version": 4,
  "terraform_version": "1.2.8",
  "serial": 30,
  "lineage": "0a2e9b5f-51cc-11dc-cb44-089abf421907",
  "outputs": {
    "Внешний_IP_хоста_webserver1": {
      "value": "51.250.88.16",
      "type": "string"
    },
    "Внутренний_IP_хоста_webserver1": {
      "value": "192.168.10.18",
      "type": "string"
    }
  },
  "resources": [
    {
      "mode": "data",
      "type": "template_file",
      "name": "inventory",
      "provider": "provider[\"registry.terraform.io/hashicorp/template\"]",
      "instances": [
        {
          "schema_version": 0,
          "attributes": {
            "filename": null,
            "id": "f2e565ec32d768816df8ff7147a5c7767414e28c567c6b7fdd4249a82e5c1420",
            "rendered": "webserver1 ansible_host=51.250.88.16\n\n[all:vars]\nansible_user = alik\nansible_ssh_private_key_file=~/.ssh/id_rsa\n",
            "template": "${host}\n\n[all:vars]\nansible_user = alik\nansible_ssh_private_key_file=~/.ssh/id_rsa\n",
            "vars": {
              "host": "webserver1 ansible_host=51.250.88.16"
            }
          },
          "sensitive_attributes": []
        }
      ]
    },
    {
      "mode": "managed",
      "type": "local_file",
      "name": "save_inventory",
      "provider": "provider[\"registry.terraform.io/hashicorp/local\"]",
      "instances": [
        {
          "schema_version": 0,
          "attributes": {
            "content": "webserver1 ansible_host=51.250.88.16\n\n[all:vars]\nansible_user = alik\nansible_ssh_private_key_file=~/.ssh/id_rsa\n",
            "content_base64": null,
            "directory_permission": "0777",
            "file_permission": "0777",
            "filename": "./inventory",
            "id": "aef7dd9559549c0b338528c512be4f9b4cfc52fc",
            "sensitive_content": null,
            "source": null
          },
          "sensitive_attributes": [],
          "private": "bnVsbA==",
          "dependencies": [
            "data.template_file.inventory",
            "yandex_compute_instance.webserver1",
            "yandex_vpc_network.network-1",
            "yandex_vpc_subnet.subnet-1"
          ]
        }
      ]
    },
    {
      "mode": "managed",
      "type": "yandex_compute_instance",
      "name": "webserver1",
      "provider": "provider[\"registry.terraform.io/yandex-cloud/yandex\"]",
      "instances": [
        {
          "schema_version": 1,
          "attributes": {
            "allow_recreate": null,
            "allow_stopping_for_update": null,
            "boot_disk": [
              {
                "auto_delete": true,
                "device_name": "fhmc4ludrthncs1cvn8g",
                "disk_id": "fhmc4ludrthncs1cvn8g",
                "initialize_params": [
                  {
                    "block_size": 4096,
                    "description": "",
                    "image_id": "fd8uoiksr520scs811jl",
                    "name": "",
                    "size": 25,
                    "snapshot_id": "",
                    "type": "network-hdd"
                  }
                ],
                "mode": "READ_WRITE"
              }
            ],
            "created_at": "2022-09-08T12:15:13Z",
            "description": "",
            "folder_id": "b1g6bg4vssj7qttmmf5k",
            "fqdn": "fhmje1dvqtrtkl41gg85.auto.internal",
            "hostname": "",
            "id": "fhmje1dvqtrtkl41gg85",
            "labels": null,
            "local_disk": [],
            "metadata": {
              "user-data": "#cloud-config\nusers:\n  - name: alik\n    groups: sudo\n    shell: /bin/bash\n    sudo: ['ALL=(ALL) NOPASSWD:ALL']\n    ssh_authorized_keys:\n      - ssh-rsa AAAAB3NzaC1yc2EAAAADAQABAAABAQDaWm59oX1IAJ9oMIR+DUsqlA1jEdTocnpISTqYZcRbkokUGABlg2XyTvSgKZh40KeD7Xx0dDDEU3R2wxlR7fpupXX/2mfajY+dBUHAtZGjdT5JXBtEKj1F+vNInTGF5jdkJtXWlcDkaa8jCOOSJGaoWQmwj6LlnK1ebP7tVdhdBQ9hvmPO3T/NIiP4JuLcJYWZqHjXbpykCeXJNBFv2MjTLxxefJmCXwrFzX7UlO9cnfEdqkbgZcoBbJnSuyqOOWeryKLii2zcRiV4ijbrqXHWqw/AGJcJpy9t7/SStfwsAef/D8pa55SyGde2lad+V2YTlzzTlVzb1voXZ2ZuIJcN alik@sandro\n"
            },
            "name": "webserver1",
            "network_acceleration_type": "standard",
            "network_interface": [
              {
                "dns_record": [],
                "index": 0,
                "ip_address": "192.168.10.18",
                "ipv4": true,
                "ipv6": false,
                "ipv6_address": "",
                "ipv6_dns_record": [],
                "mac_address": "d0:0d:13:70:5b:fd",
                "nat": true,
                "nat_dns_record": [],
                "nat_ip_address": "51.250.88.16",
                "nat_ip_version": "IPV4",
                "security_group_ids": [],
                "subnet_id": "e9b92ev1sifu1hvibsc4"
              }
            ],
            "placement_policy": [
              {
                "host_affinity_rules": [],
                "placement_group_id": ""
              }
            ],
            "platform_id": "standard-v1",
            "resources": [
              {
                "core_fraction": 100,
                "cores": 2,
                "gpus": 0,
                "memory": 2
              }
            ],
            "scheduling_policy": [
              {
                "preemptible": false
              }
            ],
            "secondary_disk": [],
            "service_account_id": "",
            "status": "running",
            "timeouts": null,
            "zone": "ru-central1-a"
          },
          "sensitive_attributes": [],
          "private": "eyJlMmJmYjczMC1lY2FhLTExZTYtOGY4OC0zNDM2M2JjN2M0YzAiOnsiY3JlYXRlIjozMDAwMDAwMDAwMDAsImRlbGV0ZSI6MzAwMDAwMDAwMDAwLCJ1cGRhdGUiOjMwMDAwMDAwMDAwMH0sInNjaGVtYV92ZXJzaW9uIjoiMSJ9",
          "dependencies": [
            "yandex_vpc_network.network-1",
            "yandex_vpc_subnet.subnet-1"
          ]
        }
      ]
    },
    {
      "mode": "managed",
      "type": "yandex_vpc_network",
      "name": "network-1",
      "provider": "provider[\"registry.terraform.io/yandex-cloud/yandex\"]",
      "instances": [
        {
          "schema_version": 0,
          "attributes": {
            "created_at": "2022-09-08T12:15:11Z",
            "default_security_group_id": "",
            "description": "",
            "folder_id": "b1g6bg4vssj7qttmmf5k",
            "id": "enpkd5soosn0h72bhelj",
            "labels": {},
            "name": "network1",
            "subnet_ids": [],
            "timeouts": null
          },
          "sensitive_attributes": [],
          "private": "eyJlMmJmYjczMC1lY2FhLTExZTYtOGY4OC0zNDM2M2JjN2M0YzAiOnsiY3JlYXRlIjo2MDAwMDAwMDAwMCwiZGVsZXRlIjo2MDAwMDAwMDAwMCwidXBkYXRlIjo2MDAwMDAwMDAwMH19"
        }
      ]
    },
    {
      "mode": "managed",
      "type": "yandex_vpc_subnet",
      "name": "subnet-1",
      "provider": "provider[\"registry.terraform.io/yandex-cloud/yandex\"]",
      "instances": [
        {
          "schema_version": 0,
          "attributes": {
            "created_at": "2022-09-08T12:15:12Z",
            "description": "",
            "dhcp_options": [],
            "folder_id": "b1g6bg4vssj7qttmmf5k",
            "id": "e9b92ev1sifu1hvibsc4",
            "labels": {},
            "name": "subnet1",
            "network_id": "enpkd5soosn0h72bhelj",
            "route_table_id": "",
            "timeouts": null,
            "v4_cidr_blocks": [
              "192.168.10.0/24"
            ],
            "v6_cidr_blocks": [],
            "zone": "ru-central1-a"
          },
          "sensitive_attributes": [],
          "private": "eyJlMmJmYjczMC1lY2FhLTExZTYtOGY4OC0zNDM2M2JjN2M0YzAiOnsiY3JlYXRlIjoxODAwMDAwMDAwMDAsImRlbGV0ZSI6MTgwMDAwMDAwMDAwLCJ1cGRhdGUiOjE4MDAwMDAwMDAwMH19",
          "dependencies": [
            "yandex_vpc_network.network-1"
          ]
        }
      ]
    }
  ]
}
